Microsoft Visual Studio Solution File, Format Version 12.00
# Visual Studio Version 17
VisualStudioVersion = 17.5.2.0
MinimumVisualStudioVersion = 10.0.40219.1
Project("{FAE04EC0-301F-11D3-BF4B-00C04F79EFBC}") = "LHP2-Archi-Mod", "LHP2-Archi-Mod.csproj", "{EBF1536E-B034-2CFA-1490-A870AC3494FB}"
EndProject
Global
	GlobalSection(SolutionConfigurationPlatforms) = preSolution
		Debug|Any CPU = Debug|Any CPU
		Release|Any CPU = Release|Any CPU
	EndGlobalSection
	GlobalSection(ProjectConfigurationPlatforms) = postSolution
		{EBF1536E-B034-2CFA-1490-A870AC3494FB}.Debug|Any CPU.ActiveCfg = Debug|Any CPU
		{EBF1536E-B034-2CFA-1490-A870AC3494FB}.Debug|Any CPU.Build.0 = Debug|Any CPU
		{EBF1536E-B034-2CFA-1490-A870AC3494FB}.Release|Any CPU.ActiveCfg = Release|Any CPU
		{EBF1536E-B034-2CFA-1490-A870AC3494FB}.Release|Any CPU.Build.0 = Release|Any CPU
	EndGlobalSection
	GlobalSection(SolutionProperties) = preSolution
		HideSolutionNode = FALSE
	EndGlobalSection
	GlobalSection(ExtensibilityGlobals) = postSolution
		SolutionGuid = {14A2BFFF-1B84-4687-B48D-D5CB01321699}
	EndGlobalSection
EndGlobal
